
Microsoft Visual Studio Solution File, Format Version 12.00
# Visual Studio Version 16
VisualStudioVersion = 16.0.31410.357
MinimumVisualStudioVersion = 10.0.40219.1
Project("{FAE04EC0-301F-11D3-BF4B-00C04F79EFBC}") = "email-app-api", "email-app-api.csproj", "{1BA2C229-5C84-445F-B39E-D908349E8B4E}"
EndProject
Global
	GlobalSection(SolutionConfigurationPlatforms) = preSolution
		Debug|Any CPU = Debug|Any CPU
		Release|Any CPU = Release|Any CPU
	EndGlobalSection
	GlobalSection(ProjectConfigurationPlatforms) = postSolution
		{1BA2C229-5C84-445F-B39E-D908349E8B4E}.Debug|Any CPU.ActiveCfg = Debug|Any CPU
		{1BA2C229-5C84-445F-B39E-D908349E8B4E}.Debug|Any CPU.Build.0 = Debug|Any CPU
		{1BA2C229-5C84-445F-B39E-D908349E8B4E}.Release|Any CPU.ActiveCfg = Release|Any CPU
		{1BA2C229-5C84-445F-B39E-D908349E8B4E}.Release|Any CPU.Build.0 = Release|Any CPU
	EndGlobalSection
	GlobalSection(SolutionProperties) = preSolution
		HideSolutionNode = FALSE
	EndGlobalSection
	GlobalSection(ExtensibilityGlobals) = postSolution
		SolutionGuid = {1E84F0E8-A6E5-4A6D-9C77-C02522E015F0}
	EndGlobalSection
EndGlobal
